// !$*UTF8*$!
{
	archiveVersion = 1;
	classes = {
	};
	objectVersion = 48;
	objects = {

/* Begin PBXBuildFile section */
		2F515DF71FC315CC00F91C04 /* TimeIsUpViewController.swift in Sources */ = {isa = PBXBuildFile; fileRef = 2F515DF61FC315CC00F91C04 /* TimeIsUpViewController.swift */; };
		2F515DFB1FC320B500F91C04 /* SettingsViewController.swift in Sources */ = {isa = PBXBuildFile; fileRef = 2F515DFA1FC320B500F91C04 /* SettingsViewController.swift */; };
		2F515DFD1FC3210900F91C04 /* LocalStorage.swift in Sources */ = {isa = PBXBuildFile; fileRef = 2F515DFC1FC3210900F91C04 /* LocalStorage.swift */; };
		2F515DFF1FC324B600F91C04 /* Notifications.swift in Sources */ = {isa = PBXBuildFile; fileRef = 2F515DFE1FC324B600F91C04 /* Notifications.swift */; };
		2F5E0A1D1FC309420014D0BE /* AppDelegate.swift in Sources */ = {isa = PBXBuildFile; fileRef = 2F5E0A1C1FC309420014D0BE /* AppDelegate.swift */; };
		2F5E0A1F1FC309420014D0BE /* ViewController.swift in Sources */ = {isa = PBXBuildFile; fileRef = 2F5E0A1E1FC309420014D0BE /* ViewController.swift */; };
		2F5E0A211FC309420014D0BE /* Assets.xcassets in Resources */ = {isa = PBXBuildFile; fileRef = 2F5E0A201FC309420014D0BE /* Assets.xcassets */; };
		2F5E0A241FC309420014D0BE /* Main.storyboard in Resources */ = {isa = PBXBuildFile; fileRef = 2F5E0A221FC309420014D0BE /* Main.storyboard */; };
/* End PBXBuildFile section */

/* Begin PBXFileReference section */
		2F515DF61FC315CC00F91C04 /* TimeIsUpViewController.swift */ = {isa = PBXFileReference; lastKnownFileType = sourcecode.swift; path = TimeIsUpViewController.swift; sourceTree = "<group>"; };
		2F515DFA1FC320B500F91C04 /* SettingsViewController.swift */ = {isa = PBXFileReference; lastKnownFileType = sourcecode.swift; path = SettingsViewController.swift; sourceTree = "<group>"; };
		2F515DFC1FC3210900F91C04 /* LocalStorage.swift */ = {isa = PBXFileReference; lastKnownFileType = sourcecode.swift; path = LocalStorage.swift; sourceTree = "<group>"; };
		2F515DFE1FC324B600F91C04 /* Notifications.swift */ = {isa = PBXFileReference; lastKnownFileType = sourcecode.swift; path = Notifications.swift; sourceTree = "<group>"; };
		2F5E0A191FC309420014D0BE /* MoveMe-macOS.app */ = {isa = PBXFileReference; explicitFileType = wrapper.application; includeInIndex = 0; path = "MoveMe-macOS.app"; sourceTree = BUILT_PRODUCTS_DIR; };
		2F5E0A1C1FC309420014D0BE /* AppDelegate.swift */ = {isa = PBXFileReference; lastKnownFileType = sourcecode.swift; path = AppDelegate.swift; sourceTree = "<group>"; };
		2F5E0A1E1FC309420014D0BE /* ViewController.swift */ = {isa = PBXFileReference; lastKnownFileType = sourcecode.swift; path = ViewController.swift; sourceTree = "<group>"; };
		2F5E0A201FC309420014D0BE /* Assets.xcassets */ = {isa = PBXFileReference; lastKnownFileType = folder.assetcatalog; path = Assets.xcassets; sourceTree = "<group>"; };
		2F5E0A231FC309420014D0BE /* Base */ = {isa = PBXFileReference; lastKnownFileType = file.storyboard; name = Base; path = Base.lproj/Main.storyboard; sourceTree = "<group>"; };
		2F5E0A251FC309420014D0BE /* Info.plist */ = {isa = PBXFileReference; lastKnownFileType = text.plist.xml; path = Info.plist; sourceTree = "<group>"; };
		2F5E0A261FC309420014D0BE /* MoveMe_macOS.entitlements */ = {isa = PBXFileReference; lastKnownFileType = text.plist.entitlements; path = MoveMe_macOS.entitlements; sourceTree = "<group>"; };
/* End PBXFileReference section */

/* Begin PBXFrameworksBuildPhase section */
		2F5E0A161FC309420014D0BE /* Frameworks */ = {
			isa = PBXFrameworksBuildPhase;
			buildActionMask = 2147483647;
			files = (
			);
			runOnlyForDeploymentPostprocessing = 0;
		};
/* End PBXFrameworksBuildPhase section */

/* Begin PBXGroup section */
		2F5E0A101FC309420014D0BE = {
			isa = PBXGroup;
			children = (
				2F5E0A1B1FC309420014D0BE /* MoveMe-macOS */,
				2F5E0A1A1FC309420014D0BE /* Products */,
			);
			sourceTree = "<group>";
		};
		2F5E0A1A1FC309420014D0BE /* Products */ = {
			isa = PBXGroup;
			children = (
				2F5E0A191FC309420014D0BE /* MoveMe-macOS.app */,
			);
			name = Products;
			sourceTree = "<group>";
		};
		2F5E0A1B1FC309420014D0BE /* MoveMe-macOS */ = {
			isa = PBXGroup;
			children = (
				2F5E0A1C1FC309420014D0BE /* AppDelegate.swift */,
				2F5E0A1E1FC309420014D0BE /* ViewController.swift */,
				2F515DFC1FC3210900F91C04 /* LocalStorage.swift */,
				2F515DFA1FC320B500F91C04 /* SettingsViewController.swift */,
				2F515DFE1FC324B600F91C04 /* Notifications.swift */,
				2F515DF61FC315CC00F91C04 /* TimeIsUpViewController.swift */,
				2F5E0A201FC309420014D0BE /* Assets.xcassets */,
				2F5E0A221FC309420014D0BE /* Main.storyboard */,
				2F5E0A251FC309420014D0BE /* Info.plist */,
				2F5E0A261FC309420014D0BE /* MoveMe_macOS.entitlements */,
			);
			path = "MoveMe-macOS";
			sourceTree = "<group>";
		};
/* End PBXGroup section */

/* Begin PBXNativeTarget section */
		2F5E0A181FC309420014D0BE /* MoveMe-macOS */ = {
			isa = PBXNativeTarget;
			buildConfigurationList = 2F5E0A291FC309420014D0BE /* Build configuration list for PBXNativeTarget "MoveMe-macOS" */;
			buildPhases = (
				2F5E0A151FC309420014D0BE /* Sources */,
				2F5E0A161FC309420014D0BE /* Frameworks */,
				2F5E0A171FC309420014D0BE /* Resources */,
			);
			buildRules = (
			);
			dependencies = (
			);
			name = "MoveMe-macOS";
			productName = "MoveMe-macOS";
			productReference = 2F5E0A191FC309420014D0BE /* MoveMe-macOS.app */;
			productType = "com.apple.product-type.application";
		};
/* End PBXNativeTarget section */

/* Begin PBXProject section */
		2F5E0A111FC309420014D0BE /* Project object */ = {
			isa = PBXProject;
			attributes = {
				LastSwiftUpdateCheck = 0910;
				LastUpgradeCheck = 0910;
				ORGANIZATIONNAME = "Timo Jääskeläinen";
				TargetAttributes = {
					2F5E0A181FC309420014D0BE = {
						CreatedOnToolsVersion = 9.1;
						ProvisioningStyle = Automatic;
					};
				};
			};
			buildConfigurationList = 2F5E0A141FC309420014D0BE /* Build configuration list for PBXProject "MoveMe-macOS" */;
			compatibilityVersion = "Xcode 8.0";
			developmentRegion = en;
			hasScannedForEncodings = 0;
			knownRegions = (
				en,
				Base,
			);
			mainGroup = 2F5E0A101FC309420014D0BE;
			productRefGroup = 2F5E0A1A1FC309420014D0BE /* Products */;
			projectDirPath = "";
			projectRoot = "";
			targets = (
				2F5E0A181FC309420014D0BE /* MoveMe-macOS */,
			);
		};
/* End PBXProject section */

/* Begin PBXResourcesBuildPhase section */
		2F5E0A171FC309420014D0BE /* Resources */ = {
			isa = PBXResourcesBuildPhase;
			buildActionMask = 2147483647;
			files = (
				2F5E0A211FC309420014D0BE /* Assets.xcassets in Resources */,
				2F5E0A241FC309420014D0BE /* Main.storyboard in Resources */,
			);
			runOnlyForDeploymentPostprocessing = 0;
		};
/* End PBXResourcesBuildPhase section */

/* Begin PBXSourcesBuildPhase section */
		2F5E0A151FC309420014D0BE /* Sources */ = {
			isa = PBXSourcesBuildPhase;
			buildActionMask = 2147483647;
			files = (
				2F5E0A1F1FC309420014D0BE /* ViewController.swift in Sources */,
				2F515DFF1FC324B600F91C04 /* Notifications.swift in Sources */,
				2F515DF71FC315CC00F91C04 /* TimeIsUpViewController.swift in Sources */,
				2F515DFB1FC320B500F91C04 /* SettingsViewController.swift in Sources */,
				2F5E0A1D1FC309420014D0BE /* AppDelegate.swift in Sources */,
				2F515DFD1FC3210900F91C04 /* LocalStorage.swift in Sources */,
			);
			runOnlyForDeploymentPostprocessing = 0;
		};
/* End PBXSourcesBuildPhase section */

/* Begin PBXVariantGroup section */
		2F5E0A221FC309420014D0BE /* Main.storyboard */ = {
			isa = PBXVariantGroup;
			children = (
				2F5E0A231FC309420014D0BE /* Base */,
			);
			name = Main.storyboard;
			sourceTree = "<group>";
		};
/* End PBXVariantGroup section */

/* Begin XCBuildConfiguration section */
		2F5E0A271FC309420014D0BE /* Debug */ = {
			isa = XCBuildConfiguration;
			buildSettings = {
				ALWAYS_SEARCH_USER_PATHS = NO;
				CLANG_ANALYZER_NONNULL = YES;
				CLANG_ANALYZER_NUMBER_OBJECT_CONVERSION = YES_AGGRESSIVE;
				CLANG_CXX_LANGUAGE_STANDARD = "gnu++14";
				CLANG_CXX_LIBRARY = "libc++";
				CLANG_ENABLE_MODULES = YES;
				CLANG_ENABLE_OBJC_ARC = YES;
				CLANG_WARN_BLOCK_CAPTURE_AUTORELEASING = YES;
				CLANG_WARN_BOOL_CONVERSION = YES;
				CLANG_WARN_COMMA = YES;
				CLANG_WARN_CONSTANT_CONVERSION = YES;
				CLANG_WARN_DIRECT_OBJC_ISA_USAGE = YES_ERROR;
				CLANG_WARN_DOCUMENTATION_COMMENTS = YES;
				CLANG_WARN_EMPTY_BODY = YES;
				CLANG_WARN_ENUM_CONVERSION = YES;
				CLANG_WARN_INFINITE_RECURSION = YES;
				CLANG_WARN_INT_CONVERSION = YES;
				CLANG_WARN_NON_LITERAL_NULL_CONVERSION = YES;
				CLANG_WARN_OBJC_LITERAL_CONVERSION = YES;
				CLANG_WARN_OBJC_ROOT_CLASS = YES_ERROR;
				CLANG_WARN_RANGE_LOOP_ANALYSIS = YES;
				CLANG_WARN_STRICT_PROTOTYPES = YES;
				CLANG_WARN_SUSPICIOUS_MOVE = YES;
				CLANG_WARN_UNGUARDED_AVAILABILITY = YES_AGGRESSIVE;
				CLANG_WARN_UNREACHABLE_CODE = YES;
				CLANG_WARN__DUPLICATE_METHOD_MATCH = YES;
				CODE_SIGN_IDENTITY = "Mac Developer";
				COPY_PHASE_STRIP = NO;
				DEBUG_INFORMATION_FORMAT = dwarf;
				ENABLE_STRICT_OBJC_MSGSEND = YES;
				ENABLE_TESTABILITY = YES;
				GCC_C_LANGUAGE_STANDARD = gnu11;
				GCC_DYNAMIC_NO_PIC = NO;
				GCC_NO_COMMON_BLOCKS = YES;
				GCC_OPTIMIZATION_LEVEL = 0;
				GCC_PREPROCESSOR_DEFINITIONS = (
					"DEBUG=1",
					"$(inherited)",
				);
				GCC_WARN_64_TO_32_BIT_CONVERSION = YES;
				GCC_WARN_ABOUT_RETURN_TYPE = YES_ERROR;
				GCC_WARN_UNDECLARED_SELECTOR = YES;
				GCC_WARN_UNINITIALIZED_AUTOS = YES_AGGRESSIVE;
				GCC_WARN_UNUSED_FUNCTION = YES;
				GCC_WARN_UNUSED_VARIABLE = YES;
				MACOSX_DEPLOYMENT_TARGET = 10.13;
				MTL_ENABLE_DEBUG_INFO = YES;
				ONLY_ACTIVE_ARCH = YES;
				SDKROOT = macosx;
				SWIFT_ACTIVE_COMPILATION_CONDITIONS = DEBUG;
				SWIFT_OPTIMIZATION_LEVEL = "-Onone";
			};
			name = Debug;
		};
		2F5E0A281FC309420014D0BE /* Release */ = {
			isa = XCBuildConfiguration;
			buildSettings = {
				ALWAYS_SEARCH_USER_PATHS = NO;
				CLANG_ANALYZER_NONNULL = YES;
				CLANG_ANALYZER_NUMBER_OBJECT_CONVERSION = YES_AGGRESSIVE;
				CLANG_CXX_LANGUAGE_STANDARD = "gnu++14";
				CLANG_CXX_LIBRARY = "libc++";
				CLANG_ENABLE_MODULES = YES;
				CLANG_ENABLE_OBJC_ARC = YES;
				CLANG_WARN_BLOCK_CAPTURE_AUTORELEASING = YES;
				CLANG_WARN_BOOL_CONVERSION = YES;
				CLANG_WARN_COMMA = YES;
				CLANG_WARN_CONSTANT_CONVERSION = YES;
				CLANG_WARN_DIRECT_OBJC_ISA_USAGE = YES_ERROR;
				CLANG_WARN_DOCUMENTATION_COMMENTS = YES;
				CLANG_WARN_EMPTY_BODY = YES;
				CLANG_WARN_ENUM_CONVERSION = YES;
				CLANG_WARN_INFINITE_RECURSION = YES;
				CLANG_WARN_INT_CONVERSION = YES;
				CLANG_WARN_NON_LITERAL_NULL_CONVERSION = YES;
				CLANG_WARN_OBJC_LITERAL_CONVERSION = YES;
				CLANG_WARN_OBJC_ROOT_CLASS = YES_ERROR;
				CLANG_WARN_RANGE_LOOP_ANALYSIS = YES;
				CLANG_WARN_STRICT_PROTOTYPES = YES;
				CLANG_WARN_SUSPICIOUS_MOVE = YES;
				CLANG_WARN_UNGUARDED_AVAILABILITY = YES_AGGRESSIVE;
				CLANG_WARN_UNREACHABLE_CODE = YES;
				CLANG_WARN__DUPLICATE_METHOD_MATCH = YES;
				CODE_SIGN_IDENTITY = "Mac Developer";
				COPY_PHASE_STRIP = NO;
				DEBUG_INFORMATION_FORMAT = "dwarf-with-dsym";
				ENABLE_NS_ASSERTIONS = NO;
				ENABLE_STRICT_OBJC_MSGSEND = YES;
				GCC_C_LANGUAGE_STANDARD = gnu11;
				GCC_NO_COMMON_BLOCKS = YES;
				GCC_WARN_64_TO_32_BIT_CONVERSION = YES;
				GCC_WARN_ABOUT_RETURN_TYPE = YES_ERROR;
				GCC_WARN_UNDECLARED_SELECTOR = YES;
				GCC_WARN_UNINITIALIZED_AUTOS = YES_AGGRESSIVE;
				GCC_WARN_UNUSED_FUNCTION = YES;
				GCC_WARN_UNUSED_VARIABLE = YES;
				MACOSX_DEPLOYMENT_TARGET = 10.13;
				MTL_ENABLE_DEBUG_INFO = NO;
				SDKROOT = macosx;
				SWIFT_OPTIMIZATION_LEVEL = "-Owholemodule";
			};
			name = Release;
		};
		2F5E0A2A1FC309420014D0BE /* Debug */ = {
			isa = XCBuildConfiguration;
			buildSettings = {
				ASSETCATALOG_COMPILER_APPICON_NAME = AppIcon;
				CODE_SIGN_ENTITLEMENTS = "MoveMe-macOS/MoveMe_macOS.entitlements";
				CODE_SIGN_STYLE = Automatic;
				COMBINE_HIDPI_IMAGES = YES;
				DEVELOPMENT_TEAM = 6W4GZQ5Z99;
				INFOPLIST_FILE = "MoveMe-macOS/Info.plist";
				LD_RUNPATH_SEARCH_PATHS = "$(inherited) @executable_path/../Frameworks";
				MACOSX_DEPLOYMENT_TARGET = 10.12;
				PRODUCT_BUNDLE_IDENTIFIER = "com.timojaask.MoveMe-macOS";
				PRODUCT_NAME = "$(TARGET_NAME)";
				SWIFT_VERSION = 4.0;
			};
			name = Debug;
		};
		2F5E0A2B1FC309420014D0BE /* Release */ = {
			isa = XCBuildConfiguration;
			buildSettings = {
				ASSETCATALOG_COMPILER_APPICON_NAME = AppIcon;
				CODE_SIGN_ENTITLEMENTS = "MoveMe-macOS/MoveMe_macOS.entitlements";
				CODE_SIGN_STYLE = Automatic;
				COMBINE_HIDPI_IMAGES = YES;
				DEVELOPMENT_TEAM = 6W4GZQ5Z99;
				INFOPLIST_FILE = "MoveMe-macOS/Info.plist";
				LD_RUNPATH_SEARCH_PATHS = "$(inherited) @executable_path/../Frameworks";
				MACOSX_DEPLOYMENT_TARGET = 10.12;
				PRODUCT_BUNDLE_IDENTIFIER = "com.timojaask.MoveMe-macOS";
				PRODUCT_NAME = "$(TARGET_NAME)";
				SWIFT_VERSION = 4.0;
			};
			name = Release;
		};
/* End XCBuildConfiguration section */

/* Begin XCConfigurationList section */
		2F5E0A141FC309420014D0BE /* Build configuration list for PBXProject "MoveMe-macOS" */ = {
			isa = XCConfigurationList;
			buildConfigurations = (
				2F5E0A271FC309420014D0BE /* Debug */,
				2F5E0A281FC309420014D0BE /* Release */,
			);
			defaultConfigurationIsVisible = 0;
			defaultConfigurationName = Release;
		};
		2F5E0A291FC309420014D0BE /* Build configuration list for PBXNativeTarget "MoveMe-macOS" */ = {
			isa = XCConfigurationList;
			buildConfigurations = (
				2F5E0A2A1FC309420014D0BE /* Debug */,
				2F5E0A2B1FC309420014D0BE /* Release */,
			);
			defaultConfigurationIsVisible = 0;
			defaultConfigurationName = Release;
		};
/* End XCConfigurationList section */
	};
	rootObject = 2F5E0A111FC309420014D0BE /* Project object */;
}
